
Microsoft Visual Studio Solution File, Format Version 12.00
# Visual Studio 14
VisualStudioVersion = 14.0.25420.1
MinimumVisualStudioVersion = 10.0.40219.1
Project("{8BC9CEB8-8B4A-11D0-8D11-00A0C91BC942}") = "Room", "Room\Room.vcxproj", "{C5F80730-F44F-4478-BDAE-6634EFC2CA88}"
EndProject
Project("{8BC9CEB8-8B4A-11D0-8D11-00A0C91BC942}") = "ESP", "ESP\ESP.vcxproj", "{D1A44B40-F5C0-47C4-9B83-5F03733DC1C6}"
EndProject
Project("{8BC9CEB8-8B4A-11D0-8D11-00A0C91BC942}") = "CapacitiveSensorSketch", "..\..\..\..\Documents\Arduino\My Examples\CapacitiveSensorSketch\CapacitiveSensorSketch.vcxproj", "{EDF112E3-17F4-4A12-A86A-402BBD286C32}"
EndProject
Project("{8BC9CEB8-8B4A-11D0-8D11-00A0C91BC942}") = "HWM test", "HWM test\HWM test.vcxproj", "{EEABF2B6-77D9-455C-8CF4-9755936E27CF}"
EndProject
Project("{8BC9CEB8-8B4A-11D0-8D11-00A0C91BC942}") = "HWM_adapter", "HWM_adapter\HWM_adapter.vcxproj", "{E92761A8-C41B-4F39-A600-1B29486F006B}"
EndProject
Global
	GlobalSection(SolutionConfigurationPlatforms) = preSolution
		Debug|x64 = Debug|x64
		Debug|x86 = Debug|x86
		Release|x64 = Release|x64
		Release|x86 = Release|x86
	EndGlobalSection
	GlobalSection(ProjectConfigurationPlatforms) = postSolution
		{C5F80730-F44F-4478-BDAE-6634EFC2CA88}.Debug|x64.ActiveCfg = Debug|Win32
		{C5F80730-F44F-4478-BDAE-6634EFC2CA88}.Debug|x86.ActiveCfg = Debug|Win32
		{C5F80730-F44F-4478-BDAE-6634EFC2CA88}.Debug|x86.Build.0 = Debug|Win32
		{C5F80730-F44F-4478-BDAE-6634EFC2CA88}.Release|x64.ActiveCfg = Release|Win32
		{C5F80730-F44F-4478-BDAE-6634EFC2CA88}.Release|x86.ActiveCfg = Release|Win32
		{C5F80730-F44F-4478-BDAE-6634EFC2CA88}.Release|x86.Build.0 = Release|Win32
		{D1A44B40-F5C0-47C4-9B83-5F03733DC1C6}.Debug|x64.ActiveCfg = Debug|Win32
		{D1A44B40-F5C0-47C4-9B83-5F03733DC1C6}.Debug|x86.ActiveCfg = Debug|Win32
		{D1A44B40-F5C0-47C4-9B83-5F03733DC1C6}.Debug|x86.Build.0 = Debug|Win32
		{D1A44B40-F5C0-47C4-9B83-5F03733DC1C6}.Release|x64.ActiveCfg = Release|Win32
		{D1A44B40-F5C0-47C4-9B83-5F03733DC1C6}.Release|x86.ActiveCfg = Release|Win32
		{D1A44B40-F5C0-47C4-9B83-5F03733DC1C6}.Release|x86.Build.0 = Release|Win32
		{EDF112E3-17F4-4A12-A86A-402BBD286C32}.Debug|x64.ActiveCfg = Debug|Win32
		{EDF112E3-17F4-4A12-A86A-402BBD286C32}.Debug|x86.ActiveCfg = Debug|Win32
		{EDF112E3-17F4-4A12-A86A-402BBD286C32}.Debug|x86.Build.0 = Debug|Win32
		{EDF112E3-17F4-4A12-A86A-402BBD286C32}.Release|x64.ActiveCfg = Release|Win32
		{EDF112E3-17F4-4A12-A86A-402BBD286C32}.Release|x86.ActiveCfg = Release|Win32
		{EDF112E3-17F4-4A12-A86A-402BBD286C32}.Release|x86.Build.0 = Release|Win32
		{EEABF2B6-77D9-455C-8CF4-9755936E27CF}.Debug|x64.ActiveCfg = Debug|Win32
		{EEABF2B6-77D9-455C-8CF4-9755936E27CF}.Debug|x86.ActiveCfg = Debug|Win32
		{EEABF2B6-77D9-455C-8CF4-9755936E27CF}.Debug|x86.Build.0 = Debug|Win32
		{EEABF2B6-77D9-455C-8CF4-9755936E27CF}.Release|x64.ActiveCfg = Release|Win32
		{EEABF2B6-77D9-455C-8CF4-9755936E27CF}.Release|x86.ActiveCfg = Release|Win32
		{EEABF2B6-77D9-455C-8CF4-9755936E27CF}.Release|x86.Build.0 = Release|Win32
		{E92761A8-C41B-4F39-A600-1B29486F006B}.Debug|x64.ActiveCfg = Debug|Win32
		{E92761A8-C41B-4F39-A600-1B29486F006B}.Debug|x86.ActiveCfg = Debug|Win32
		{E92761A8-C41B-4F39-A600-1B29486F006B}.Debug|x86.Build.0 = Debug|Win32
		{E92761A8-C41B-4F39-A600-1B29486F006B}.Release|x64.ActiveCfg = Release|Win32
		{E92761A8-C41B-4F39-A600-1B29486F006B}.Release|x86.ActiveCfg = Release|Win32
		{E92761A8-C41B-4F39-A600-1B29486F006B}.Release|x86.Build.0 = Release|Win32
	EndGlobalSection
	GlobalSection(SolutionProperties) = preSolution
		HideSolutionNode = FALSE
	EndGlobalSection
EndGlobal
